
Microsoft Visual Studio Solution File, Format Version 12.00
# Visual Studio Version 17
VisualStudioVersion = 17.8.34309.116
MinimumVisualStudioVersion = 10.0.40219.1
Project("{9A19103F-16F7-4668-BE54-9A1E7A4F7556}") = "TaskBoard", "TaskBoard\TaskBoard.csproj", "{C14CC970-BFC8-4842-83DD-A9173DA77973}"
EndProject
Project("{9A19103F-16F7-4668-BE54-9A1E7A4F7556}") = "Entity", "Entity\Entity.csproj", "{B7A07D9D-81E4-4A67-BBA6-38D1D0E529A8}"
EndProject
Project("{9A19103F-16F7-4668-BE54-9A1E7A4F7556}") = "BusinessLogic", "BusinessLogic\BusinessLogic.csproj", "{243C28BD-3E84-41BF-A720-BD0CEF2867E1}"
EndProject
Global
	GlobalSection(SolutionConfigurationPlatforms) = preSolution
		Debug|Any CPU = Debug|Any CPU
		Release|Any CPU = Release|Any CPU
	EndGlobalSection
	GlobalSection(ProjectConfigurationPlatforms) = postSolution
		{C14CC970-BFC8-4842-83DD-A9173DA77973}.Debug|Any CPU.ActiveCfg = Debug|Any CPU
		{C14CC970-BFC8-4842-83DD-A9173DA77973}.Debug|Any CPU.Build.0 = Debug|Any CPU
		{C14CC970-BFC8-4842-83DD-A9173DA77973}.Release|Any CPU.ActiveCfg = Release|Any CPU
		{C14CC970-BFC8-4842-83DD-A9173DA77973}.Release|Any CPU.Build.0 = Release|Any CPU
		{B7A07D9D-81E4-4A67-BBA6-38D1D0E529A8}.Debug|Any CPU.ActiveCfg = Debug|Any CPU
		{B7A07D9D-81E4-4A67-BBA6-38D1D0E529A8}.Debug|Any CPU.Build.0 = Debug|Any CPU
		{B7A07D9D-81E4-4A67-BBA6-38D1D0E529A8}.Release|Any CPU.ActiveCfg = Release|Any CPU
		{B7A07D9D-81E4-4A67-BBA6-38D1D0E529A8}.Release|Any CPU.Build.0 = Release|Any CPU
		{243C28BD-3E84-41BF-A720-BD0CEF2867E1}.Debug|Any CPU.ActiveCfg = Debug|Any CPU
		{243C28BD-3E84-41BF-A720-BD0CEF2867E1}.Debug|Any CPU.Build.0 = Debug|Any CPU
		{243C28BD-3E84-41BF-A720-BD0CEF2867E1}.Release|Any CPU.ActiveCfg = Release|Any CPU
		{243C28BD-3E84-41BF-A720-BD0CEF2867E1}.Release|Any CPU.Build.0 = Release|Any CPU
	EndGlobalSection
	GlobalSection(SolutionProperties) = preSolution
		HideSolutionNode = FALSE
	EndGlobalSection
	GlobalSection(ExtensibilityGlobals) = postSolution
		SolutionGuid = {A3D269DC-B1EF-4EB3-883B-B49E2021A31B}
	EndGlobalSection
EndGlobal
